<?xml version="1.0" encoding="utf-8"?>
<Project ToolsVersion="4.0" xmlns="http://schemas.microsoft.com/developer/msbuild/2003">
  <ItemGroup>
    <Filter Include="소스 파일">
      <UniqueIdentifier>{4FC737F1-C7A5-4376-A066-2A32D752A2FF}</UniqueIdentifier>
      <Extensions>cpp;c;cc;cxx;def;odl;idl;hpj;bat;asm;asmx</Extensions>
    </Filter>
    <Filter Include="헤더 파일">
      <UniqueIdentifier>{93995380-89BD-4b04-88EB-625FBE52EBFB}</UniqueIdentifier>
      <Extensions>h;hh;hpp;hxx;hm;inl;inc;xsd</Extensions>
    </Filter>
    <Filter Include="리소스 파일">
      <UniqueIdentifier>{67DA6AB6-F800-4c08-8B7A-83BB121AAD01}</UniqueIdentifier>
      <Extensions>rc;ico;cur;bmp;dlg;rc2;rct;bin;rgs;gif;jpg;jpeg;jpe;resx;tiff;tif;png;wav;mfcribbon-ms</Extensions>
    </Filter>
    <Filter Include="소스 파일\IntQueue">
      <UniqueIdentifier>{f9b876b3-cbe3-49e9-a9de-02885eeb4269}</UniqueIdentifier>
    </Filter>
    <Filter Include="소스 파일\IntStack">
      <UniqueIdentifier>{fc7b1c4d-3201-4549-aa28-dc1369918a70}</UniqueIdentifier>
    </Filter>
  </ItemGroup>
  <ItemGroup>
    <ClCompile Include="..\..\..\..\..\..\..\WorkSpace\Visual Studio 2015\Project\4\4\4c-1.c">
      <Filter>소스 파일</Filter>
    </ClCompile>
    <ClCompile Include="..\..\..\..\..\..\..\WorkSpace\Visual Studio 2015\Project\4\4\ArrayIntQueue.c">
      <Filter>소스 파일\IntQueue</Filter>
    </ClCompile>
    <ClCompile Include="..\..\..\..\..\..\..\WorkSpace\Visual Studio 2015\Project\4\4\IntQueue.c">
      <Filter>소스 파일\IntQueue</Filter>
    </ClCompile>
    <ClCompile Include="..\..\..\..\..\..\..\WorkSpace\Visual Studio 2015\Project\4\4\IntQueueTest.c">
      <Filter>소스 파일\IntQueue</Filter>
    </ClCompile>
    <ClCompile Include="..\..\..\..\..\..\..\WorkSpace\Visual Studio 2015\Project\4\4\IntStack.c">
      <Filter>소스 파일\IntStack</Filter>
    </ClCompile>
    <ClCompile Include="..\..\..\..\..\..\..\WorkSpace\Visual Studio 2015\Project\4\4\IntStackTest.c">
      <Filter>소스 파일\IntStack</Filter>
    </ClCompile>
    <ClCompile Include="..\..\..\..\..\..\..\WorkSpace\Visual Studio 2015\Project\4\4\Q3.c">
      <Filter>소스 파일\IntQueue</Filter>
    </ClCompile>
    <ClCompile Include="..\..\..\..\..\..\..\WorkSpace\Visual Studio 2015\Project\4\4\Q2.c">
      <Filter>소스 파일\IntStack</Filter>
    </ClCompile>
  </ItemGroup>
  <ItemGroup>
    <ClInclude Include="..\..\..\..\..\..\..\WorkSpace\Visual Studio 2015\Project\4\4\IntStack.h">
      <Filter>헤더 파일</Filter>
    </ClInclude>
    <ClInclude Include="..\..\..\..\..\..\..\WorkSpace\Visual Studio 2015\Project\4\4\ArrayIntQueue.h">
      <Filter>헤더 파일</Filter>
    </ClInclude>
    <ClInclude Include="..\..\..\..\..\..\..\WorkSpace\Visual Studio 2015\Project\4\4\IntQueue.h">
      <Filter>헤더 파일</Filter>
    </ClInclude>
  </ItemGroup>
</Project>